
Microsoft Visual Studio Solution File, Format Version 12.00
# Visual Studio Version 17
VisualStudioVersion = 17.4.33103.184
MinimumVisualStudioVersion = 10.0.40219.1
Project("{FAE04EC0-301F-11D3-BF4B-00C04F79EFBC}") = "EmployeeTask", "EmployeeTask\EmployeeTask.csproj", "{1066FA9B-90F6-43F4-8322-B2BF0F766680}"
EndProject
Global
	GlobalSection(SolutionConfigurationPlatforms) = preSolution
		Debug|Any CPU = Debug|Any CPU
		Release|Any CPU = Release|Any CPU
	EndGlobalSection
	GlobalSection(ProjectConfigurationPlatforms) = postSolution
		{1066FA9B-90F6-43F4-8322-B2BF0F766680}.Debug|Any CPU.ActiveCfg = Debug|Any CPU
		{1066FA9B-90F6-43F4-8322-B2BF0F766680}.Debug|Any CPU.Build.0 = Debug|Any CPU
		{1066FA9B-90F6-43F4-8322-B2BF0F766680}.Release|Any CPU.ActiveCfg = Release|Any CPU
		{1066FA9B-90F6-43F4-8322-B2BF0F766680}.Release|Any CPU.Build.0 = Release|Any CPU
	EndGlobalSection
	GlobalSection(SolutionProperties) = preSolution
		HideSolutionNode = FALSE
	EndGlobalSection
	GlobalSection(ExtensibilityGlobals) = postSolution
		SolutionGuid = {3BF53DE7-EC0E-4B3D-B61F-936F32516061}
	EndGlobalSection
EndGlobal
